PODS:
  - boost (1.76.0)
  - DoubleConversion (1.1.6)
  - EXApplication (4.0.2):
    - ExpoModulesCore
  - EXBlur (11.0.0):
    - ExpoModulesCore
  - EXClipboard (2.1.1):
    - ExpoModulesCore
  - EXConstants (13.0.2):
    - ExpoModulesCore
  - EXErrorRecovery (3.0.5):
    - ExpoModulesCore
  - EXMediaLibrary (14.0.1):
    - ExpoModulesCore
    - React-Core
  - Expo (44.0.6):
    - ExpoModulesCore
  - ExpoLinearGradient (11.0.3):
    - ExpoModulesCore
  - ExpoModulesCore (0.6.5):
    - React-Core
    - ReactCommon/turbomodule/core
  - ExpoSystemUI (1.1.1):
    - ExpoModulesCore
  - FBLazyVector (0.68.0-rc.3)
  - FBReactNativeSpec (0.68.0-rc.3):
    - RCT-Folly (= 2021.06.28.00-v2)
    - RCTRequired (= 0.68.0-rc.3)
    - RCTTypeSafety (= 0.68.0-rc.3)
    - React-Core (= 0.68.0-rc.3)
    - React-jsi (= 0.68.0-rc.3)
    - ReactCommon/turbomodule/core (= 0.68.0-rc.3)
  - Firebase/Analytics (8.14.0):
    - Firebase/Core
  - Firebase/Auth (8.14.0):
    - Firebase/CoreOnly
    - FirebaseAuth (~> 8.14.0)
  - Firebase/Core (8.14.0):
    - Firebase/CoreOnly
    - FirebaseAnalytics (~> 8.14.0)
  - Firebase/CoreOnly (8.14.0):
    - FirebaseCore (= 8.14.0)
  - Firebase/Crashlytics (8.14.0):
    - Firebase/CoreOnly
    - FirebaseCrashlytics (~> 8.14.0)
  - Firebase/Storage (8.14.0):
    - Firebase/CoreOnly
    - FirebaseStorage (~> 8.14.0)
  - FirebaseAnalytics (8.14.0):
    - FirebaseAnalytics/AdIdSupport (= 8.14.0)
    - FirebaseCore (~> 8.0)
    - FirebaseInstallations (~> 8.0)
    - GoogleUtilities/AppDelegateSwizzler (~> 7.7)
    - GoogleUtilities/MethodSwizzler (~> 7.7)
    - GoogleUtilities/Network (~> 7.7)
    - "GoogleUtilities/NSData+zlib (~> 7.7)"
    - nanopb (~> 2.30908.0)
  - FirebaseAnalytics/AdIdSupport (8.14.0):
    - FirebaseCore (~> 8.0)
    - FirebaseInstallations (~> 8.0)
    - GoogleAppMeasurement (= 8.14.0)
    - GoogleUtilities/AppDelegateSwizzler (~> 7.7)
    - GoogleUtilities/MethodSwizzler (~> 7.7)
    - GoogleUtilities/Network (~> 7.7)
    - "GoogleUtilities/NSData+zlib (~> 7.7)"
    - nanopb (~> 2.30908.0)
  - FirebaseAuth (8.14.0):
    - FirebaseCore (~> 8.0)
    - GoogleUtilities/AppDelegateSwizzler (~> 7.7)
    - GoogleUtilities/Environment (~> 7.7)
    - GTMSessionFetcher/Core (~> 1.5)
  - FirebaseCore (8.14.0):
    - FirebaseCoreDiagnostics (~> 8.0)
    - GoogleUtilities/Environment (~> 7.7)
    - GoogleUtilities/Logger (~> 7.7)
  - FirebaseCoreDiagnostics (8.14.0):
    - GoogleDataTransport (~> 9.1)
    - GoogleUtilities/Environment (~> 7.7)
    - GoogleUtilities/Logger (~> 7.7)
    - nanopb (~> 2.30908.0)
  - FirebaseCrashlytics (8.14.0):
    - FirebaseCore (~> 8.0)
    - FirebaseInstallations (~> 8.0)
    - GoogleDataTransport (~> 9.1)
    - GoogleUtilities/Environment (~> 7.7)
    - nanopb (~> 2.30908.0)
    - PromisesObjC (< 3.0, >= 1.2)
  - FirebaseInstallations (8.14.0):
    - FirebaseCore (~> 8.0)
    - GoogleUtilities/Environment (~> 7.7)
    - GoogleUtilities/UserDefaults (~> 7.7)
    - PromisesObjC (< 3.0, >= 1.2)
  - FirebaseStorage (8.14.0):
    - FirebaseCore (~> 8.0)
    - GTMSessionFetcher/Core (~> 1.5)
  - fmt (6.2.1)
  - glog (0.3.5)
  - GoogleAppMeasurement (8.14.0):
    - GoogleAppMeasurement/AdIdSupport (= 8.14.0)
    - GoogleUtilities/AppDelegateSwizzler (~> 7.7)
    - GoogleUtilities/MethodSwizzler (~> 7.7)
    - GoogleUtilities/Network (~> 7.7)
    - "GoogleUtilities/NSData+zlib (~> 7.7)"
    - nanopb (~> 2.30908.0)
  - GoogleAppMeasurement/AdIdSupport (8.14.0):
    - GoogleAppMeasurement/WithoutAdIdSupport (= 8.14.0)
    - GoogleUtilities/AppDelegateSwizzler (~> 7.7)
    - GoogleUtilities/MethodSwizzler (~> 7.7)
    - GoogleUtilities/Network (~> 7.7)
    - "GoogleUtilities/NSData+zlib (~> 7.7)"
    - nanopb (~> 2.30908.0)
  - GoogleAppMeasurement/WithoutAdIdSupport (8.14.0):
    - GoogleUtilities/AppDelegateSwizzler (~> 7.7)
    - GoogleUtilities/MethodSwizzler (~> 7.7)
    - GoogleUtilities/Network (~> 7.7)
    - "GoogleUtilities/NSData+zlib (~> 7.7)"
    - nanopb (~> 2.30908.0)
  - GoogleDataTransport (9.1.2):
    - GoogleUtilities/Environment (~> 7.2)
    - nanopb (~> 2.30908.0)
    - PromisesObjC (< 3.0, >= 1.2)
  - GoogleUtilities/AppDelegateSwizzler (7.7.0):
    - GoogleUtilities/Environment
    - GoogleUtilities/Logger
    - GoogleUtilities/Network
  - GoogleUtilities/Environment (7.7.0):
    - PromisesObjC (< 3.0, >= 1.2)
  - GoogleUtilities/Logger (7.7.0):
    - GoogleUtilities/Environment
  - GoogleUtilities/MethodSwizzler (7.7.0):
    - GoogleUtilities/Logger
  - GoogleUtilities/Network (7.7.0):
    - GoogleUtilities/Logger
    - "GoogleUtilities/NSData+zlib"
    - GoogleUtilities/Reachability
  - "GoogleUtilities/NSData+zlib (7.7.0)"
  - GoogleUtilities/Reachability (7.7.0):
    - GoogleUtilities/Logger
  - GoogleUtilities/UserDefaults (7.7.0):
    - GoogleUtilities/Logger
  - GTMSessionFetcher/Core (1.7.1)
  - hermes-engine (0.11.0)
  - libevent (2.1.12)
  - nanopb (2.30908.0):
    - nanopb/decode (= 2.30908.0)
    - nanopb/encode (= 2.30908.0)
  - nanopb/decode (2.30908.0)
  - nanopb/encode (2.30908.0)
  - PromisesObjC (2.0.0)
  - RCT-Folly (2021.06.28.00-v2):
    - boost
    - DoubleConversion
    - fmt (~> 6.2.1)
    - glog
    - RCT-Folly/Default (= 2021.06.28.00-v2)
  - RCT-Folly/Default (2021.06.28.00-v2):
    - boost
    - DoubleConversion
    - fmt (~> 6.2.1)
    - glog
  - RCT-Folly/Futures (2021.06.28.00-v2):
    - boost
    - DoubleConversion
    - fmt (~> 6.2.1)
    - glog
    - libevent
  - RCTRequired (0.68.0-rc.3)
  - RCTTypeSafety (0.68.0-rc.3):
    - FBLazyVector (= 0.68.0-rc.3)
    - RCT-Folly (= 2021.06.28.00-v2)
    - RCTRequired (= 0.68.0-rc.3)
    - React-Core (= 0.68.0-rc.3)
  - React (0.68.0-rc.3):
    - React-Core (= 0.68.0-rc.3)
    - React-Core/DevSupport (= 0.68.0-rc.3)
    - React-Core/RCTWebSocket (= 0.68.0-rc.3)
    - React-RCTActionSheet (= 0.68.0-rc.3)
    - React-RCTAnimation (= 0.68.0-rc.3)
    - React-RCTBlob (= 0.68.0-rc.3)
    - React-RCTImage (= 0.68.0-rc.3)
    - React-RCTLinking (= 0.68.0-rc.3)
    - React-RCTNetwork (= 0.68.0-rc.3)
    - React-RCTSettings (= 0.68.0-rc.3)
    - React-RCTText (= 0.68.0-rc.3)
    - React-RCTVibration (= 0.68.0-rc.3)
  - React-callinvoker (0.68.0-rc.3)
  - React-Codegen (0.68.0-rc.3):
    - FBReactNativeSpec (= 0.68.0-rc.3)
    - RCT-Folly (= 2021.06.28.00-v2)
    - RCTRequired (= 0.68.0-rc.3)
    - RCTTypeSafety (= 0.68.0-rc.3)
    - React-Core (= 0.68.0-rc.3)
    - React-jsi (= 0.68.0-rc.3)
    - React-jsiexecutor (= 0.68.0-rc.3)
    - ReactCommon/turbomodule/core (= 0.68.0-rc.3)
  - React-Core (0.68.0-rc.3):
    - glog
    - RCT-Folly (= 2021.06.28.00-v2)
    - React-Core/Default (= 0.68.0-rc.3)
    - React-cxxreact (= 0.68.0-rc.3)
    - React-jsi (= 0.68.0-rc.3)
    - React-jsiexecutor (= 0.68.0-rc.3)
    - React-perflogger (= 0.68.0-rc.3)
    - Yoga
  - React-Core/CoreModulesHeaders (0.68.0-rc.3):
    - glog
    - RCT-Folly (= 2021.06.28.00-v2)
    - React-Core/Default
    - React-cxxreact (= 0.68.0-rc.3)
    - React-jsi (= 0.68.0-rc.3)
    - React-jsiexecutor (= 0.68.0-rc.3)
    - React-perflogger (= 0.68.0-rc.3)
    - Yoga
  - React-Core/Default (0.68.0-rc.3):
    - glog
    - RCT-Folly (= 2021.06.28.00-v2)
    - React-cxxreact (= 0.68.0-rc.3)
    - React-jsi (= 0.68.0-rc.3)
    - React-jsiexecutor (= 0.68.0-rc.3)
    - React-perflogger (= 0.68.0-rc.3)
    - Yoga
  - React-Core/DevSupport (0.68.0-rc.3):
    - glog
    - RCT-Folly (= 2021.06.28.00-v2)
    - React-Core/Default (= 0.68.0-rc.3)
    - React-Core/RCTWebSocket (= 0.68.0-rc.3)
    - React-cxxreact (= 0.68.0-rc.3)
    - React-jsi (= 0.68.0-rc.3)
    - React-jsiexecutor (= 0.68.0-rc.3)
    - React-jsinspector (= 0.68.0-rc.3)
    - React-perflogger (= 0.68.0-rc.3)
    - Yoga
  - React-Core/RCTActionSheetHeaders (0.68.0-rc.3):
    - glog
    - RCT-Folly (= 2021.06.28.00-v2)
    - React-Core/Default
    - React-cxxreact (= 0.68.0-rc.3)
    - React-jsi (= 0.68.0-rc.3)
    - React-jsiexecutor (= 0.68.0-rc.3)
    - React-perflogger (= 0.68.0-rc.3)
    - Yoga
  - React-Core/RCTAnimationHeaders (0.68.0-rc.3):
    - glog
    - RCT-Folly (= 2021.06.28.00-v2)
    - React-Core/Default
    - React-cxxreact (= 0.68.0-rc.3)
    - React-jsi (= 0.68.0-rc.3)
    - React-jsiexecutor (= 0.68.0-rc.3)
    - React-perflogger (= 0.68.0-rc.3)
    - Yoga
  - React-Core/RCTBlobHeaders (0.68.0-rc.3):
    - glog
    - RCT-Folly (= 2021.06.28.00-v2)
    - React-Core/Default
    - React-cxxreact (= 0.68.0-rc.3)
    - React-jsi (= 0.68.0-rc.3)
    - React-jsiexecutor (= 0.68.0-rc.3)
    - React-perflogger (= 0.68.0-rc.3)
    - Yoga
  - React-Core/RCTImageHeaders (0.68.0-rc.3):
    - glog
    - RCT-Folly (= 2021.06.28.00-v2)
    - React-Core/Default
    - React-cxxreact (= 0.68.0-rc.3)
    - React-jsi (= 0.68.0-rc.3)
    - React-jsiexecutor (= 0.68.0-rc.3)
    - React-perflogger (= 0.68.0-rc.3)
    - Yoga
  - React-Core/RCTLinkingHeaders (0.68.0-rc.3):
    - glog
    - RCT-Folly (= 2021.06.28.00-v2)
    - React-Core/Default
    - React-cxxreact (= 0.68.0-rc.3)
    - React-jsi (= 0.68.0-rc.3)
    - React-jsiexecutor (= 0.68.0-rc.3)
    - React-perflogger (= 0.68.0-rc.3)
    - Yoga
  - React-Core/RCTNetworkHeaders (0.68.0-rc.3):
    - glog
    - RCT-Folly (= 2021.06.28.00-v2)
    - React-Core/Default
    - React-cxxreact (= 0.68.0-rc.3)
    - React-jsi (= 0.68.0-rc.3)
    - React-jsiexecutor (= 0.68.0-rc.3)
    - React-perflogger (= 0.68.0-rc.3)
    - Yoga
  - React-Core/RCTSettingsHeaders (0.68.0-rc.3):
    - glog
    - RCT-Folly (= 2021.06.28.00-v2)
    - React-Core/Default
    - React-cxxreact (= 0.68.0-rc.3)
    - React-jsi (= 0.68.0-rc.3)
    - React-jsiexecutor (= 0.68.0-rc.3)
    - React-perflogger (= 0.68.0-rc.3)
    - Yoga
  - React-Core/RCTTextHeaders (0.68.0-rc.3):
    - glog
    - RCT-Folly (= 2021.06.28.00-v2)
    - React-Core/Default
    - React-cxxreact (= 0.68.0-rc.3)
    - React-jsi (= 0.68.0-rc.3)
    - React-jsiexecutor (= 0.68.0-rc.3)
    - React-perflogger (= 0.68.0-rc.3)
    - Yoga
  - React-Core/RCTVibrationHeaders (0.68.0-rc.3):
    - glog
    - RCT-Folly (= 2021.06.28.00-v2)
    - React-Core/Default
    - React-cxxreact (= 0.68.0-rc.3)
    - React-jsi (= 0.68.0-rc.3)
    - React-jsiexecutor (= 0.68.0-rc.3)
    - React-perflogger (= 0.68.0-rc.3)
    - Yoga
  - React-Core/RCTWebSocket (0.68.0-rc.3):
    - glog
    - RCT-Folly (= 2021.06.28.00-v2)
    - React-Core/Default (= 0.68.0-rc.3)
    - React-cxxreact (= 0.68.0-rc.3)
    - React-jsi (= 0.68.0-rc.3)
    - React-jsiexecutor (= 0.68.0-rc.3)
    - React-perflogger (= 0.68.0-rc.3)
    - Yoga
  - React-CoreModules (0.68.0-rc.3):
    - RCT-Folly (= 2021.06.28.00-v2)
    - RCTTypeSafety (= 0.68.0-rc.3)
    - React-Codegen (= 0.68.0-rc.3)
    - React-Core/CoreModulesHeaders (= 0.68.0-rc.3)
    - React-jsi (= 0.68.0-rc.3)
    - React-RCTImage (= 0.68.0-rc.3)
    - ReactCommon/turbomodule/core (= 0.68.0-rc.3)
  - React-cxxreact (0.68.0-rc.3):
    - boost (= 1.76.0)
    - DoubleConversion
    - glog
    - RCT-Folly (= 2021.06.28.00-v2)
    - React-callinvoker (= 0.68.0-rc.3)
    - React-jsi (= 0.68.0-rc.3)
    - React-jsinspector (= 0.68.0-rc.3)
    - React-logger (= 0.68.0-rc.3)
    - React-perflogger (= 0.68.0-rc.3)
    - React-runtimeexecutor (= 0.68.0-rc.3)
  - React-hermes (0.68.0-rc.3):
    - DoubleConversion
    - glog
    - hermes-engine
    - RCT-Folly (= 2021.06.28.00-v2)
    - RCT-Folly/Futures (= 2021.06.28.00-v2)
    - React-cxxreact (= 0.68.0-rc.3)
    - React-jsi (= 0.68.0-rc.3)
    - React-jsiexecutor (= 0.68.0-rc.3)
    - React-jsinspector (= 0.68.0-rc.3)
    - React-perflogger (= 0.68.0-rc.3)
  - React-jsi (0.68.0-rc.3):
    - boost (= 1.76.0)
    - DoubleConversion
    - glog
    - RCT-Folly (= 2021.06.28.00-v2)
    - React-jsi/Default (= 0.68.0-rc.3)
  - React-jsi/Default (0.68.0-rc.3):
    - boost (= 1.76.0)
    - DoubleConversion
    - glog
    - RCT-Folly (= 2021.06.28.00-v2)
  - React-jsiexecutor (0.68.0-rc.3):
    - DoubleConversion
    - glog
    - RCT-Folly (= 2021.06.28.00-v2)
    - React-cxxreact (= 0.68.0-rc.3)
    - React-jsi (= 0.68.0-rc.3)
    - React-perflogger (= 0.68.0-rc.3)
  - React-jsinspector (0.68.0-rc.3)
  - React-logger (0.68.0-rc.3):
    - glog
  - react-native-get-random-values (1.7.2):
    - React-Core
  - react-native-ios-context-menu (1.7.4):
    - React-Core
  - react-native-safe-area-context (4.2.2):
    - RCT-Folly
    - RCTRequired
    - RCTTypeSafety
    - React
    - ReactCommon/turbomodule/core
  - React-perflogger (0.68.0-rc.3)
  - React-RCTActionSheet (0.68.0-rc.3):
    - React-Core/RCTActionSheetHeaders (= 0.68.0-rc.3)
  - React-RCTAnimation (0.68.0-rc.3):
    - RCT-Folly (= 2021.06.28.00-v2)
    - RCTTypeSafety (= 0.68.0-rc.3)
    - React-Codegen (= 0.68.0-rc.3)
    - React-Core/RCTAnimationHeaders (= 0.68.0-rc.3)
    - React-jsi (= 0.68.0-rc.3)
    - ReactCommon/turbomodule/core (= 0.68.0-rc.3)
  - React-RCTBlob (0.68.0-rc.3):
    - RCT-Folly (= 2021.06.28.00-v2)
    - React-Codegen (= 0.68.0-rc.3)
    - React-Core/RCTBlobHeaders (= 0.68.0-rc.3)
    - React-Core/RCTWebSocket (= 0.68.0-rc.3)
    - React-jsi (= 0.68.0-rc.3)
    - React-RCTNetwork (= 0.68.0-rc.3)
    - ReactCommon/turbomodule/core (= 0.68.0-rc.3)
  - React-RCTImage (0.68.0-rc.3):
    - RCT-Folly (= 2021.06.28.00-v2)
    - RCTTypeSafety (= 0.68.0-rc.3)
    - React-Codegen (= 0.68.0-rc.3)
    - React-Core/RCTImageHeaders (= 0.68.0-rc.3)
    - React-jsi (= 0.68.0-rc.3)
    - React-RCTNetwork (= 0.68.0-rc.3)
    - ReactCommon/turbomodule/core (= 0.68.0-rc.3)
  - React-RCTLinking (0.68.0-rc.3):
    - React-Codegen (= 0.68.0-rc.3)
    - React-Core/RCTLinkingHeaders (= 0.68.0-rc.3)
    - React-jsi (= 0.68.0-rc.3)
    - ReactCommon/turbomodule/core (= 0.68.0-rc.3)
  - React-RCTNetwork (0.68.0-rc.3):
    - RCT-Folly (= 2021.06.28.00-v2)
    - RCTTypeSafety (= 0.68.0-rc.3)
    - React-Codegen (= 0.68.0-rc.3)
    - React-Core/RCTNetworkHeaders (= 0.68.0-rc.3)
    - React-jsi (= 0.68.0-rc.3)
    - ReactCommon/turbomodule/core (= 0.68.0-rc.3)
  - React-RCTSettings (0.68.0-rc.3):
    - RCT-Folly (= 2021.06.28.00-v2)
    - RCTTypeSafety (= 0.68.0-rc.3)
    - React-Codegen (= 0.68.0-rc.3)
    - React-Core/RCTSettingsHeaders (= 0.68.0-rc.3)
    - React-jsi (= 0.68.0-rc.3)
    - ReactCommon/turbomodule/core (= 0.68.0-rc.3)
  - React-RCTText (0.68.0-rc.3):
    - React-Core/RCTTextHeaders (= 0.68.0-rc.3)
  - React-RCTVibration (0.68.0-rc.3):
    - RCT-Folly (= 2021.06.28.00-v2)
    - React-Codegen (= 0.68.0-rc.3)
    - React-Core/RCTVibrationHeaders (= 0.68.0-rc.3)
    - React-jsi (= 0.68.0-rc.3)
    - ReactCommon/turbomodule/core (= 0.68.0-rc.3)
  - React-runtimeexecutor (0.68.0-rc.3):
    - React-jsi (= 0.68.0-rc.3)
  - ReactCommon/turbomodule/core (0.68.0-rc.3):
    - DoubleConversion
    - glog
    - RCT-Folly (= 2021.06.28.00-v2)
    - React-callinvoker (= 0.68.0-rc.3)
    - React-Core (= 0.68.0-rc.3)
    - React-cxxreact (= 0.68.0-rc.3)
    - React-jsi (= 0.68.0-rc.3)
    - React-logger (= 0.68.0-rc.3)
    - React-perflogger (= 0.68.0-rc.3)
  - RealmJS (10.20.0-beta.2):
    - React
  - RNBootSplash (4.1.3):
    - React-Core
  - RNCAsyncStorage (1.17.0):
    - React-Core
  - RNFBAnalytics (14.7.0):
    - Firebase/Analytics (= 8.14.0)
    - React-Core
    - RNFBApp
  - RNFBApp (14.7.0):
    - Firebase/CoreOnly (= 8.14.0)
    - React-Core
  - RNFBAuth (14.7.0):
    - Firebase/Auth (= 8.14.0)
    - React-Core
    - RNFBApp
  - RNFBCrashlytics (14.7.0):
    - Firebase/Crashlytics (= 8.14.0)
    - React-Core
    - RNFBApp
  - RNFBStorage (14.7.0):
    - Firebase/Storage (= 8.14.0)
    - React-Core
    - RNFBApp
  - RNGestureHandler (2.3.2):
    - React-Core
  - RNInAppBrowser (3.6.3):
    - React-Core
  - RNLocalize (2.2.0):
    - React-Core
  - RNReanimated (2.5.0):
    - DoubleConversion
    - FBLazyVector
    - FBReactNativeSpec
    - glog
    - RCT-Folly
    - RCTRequired
    - RCTTypeSafety
    - React
    - React-callinvoker
    - React-Core
    - React-Core/DevSupport
    - React-Core/RCTWebSocket
    - React-CoreModules
    - React-cxxreact
    - React-jsi
    - React-jsiexecutor
    - React-jsinspector
    - React-RCTActionSheet
    - React-RCTAnimation
    - React-RCTBlob
    - React-RCTImage
    - React-RCTLinking
    - React-RCTNetwork
    - React-RCTSettings
    - React-RCTText
    - ReactCommon/turbomodule/core
    - Yoga
  - RNScreens (3.13.1):
    - React-Core
    - React-RCTImage
  - RNSVG (12.3.0):
    - React-Core
  - SDWebImage (5.12.5):
    - SDWebImage/Core (= 5.12.5)
  - SDWebImage/Core (5.12.5)
  - Yoga (1.14.0)

DEPENDENCIES:
  - boost (from `../node_modules/react-native/third-party-podspecs/boost.podspec`)
  - DoubleConversion (from `../node_modules/react-native/third-party-podspecs/DoubleConversion.podspec`)
  - EXApplication (from `../node_modules/expo-application/ios`)
  - EXBlur (from `../node_modules/expo-blur/ios`)
  - EXClipboard (from `../node_modules/expo-clipboard/ios`)
  - EXConstants (from `../node_modules/expo-constants/ios`)
  - EXErrorRecovery (from `../node_modules/expo-error-recovery/ios`)
  - EXMediaLibrary (from `../node_modules/expo-media-library/ios`)
  - Expo (from `../node_modules/expo/ios`)
  - ExpoLinearGradient (from `../node_modules/expo-linear-gradient/ios`)
  - ExpoModulesCore (from `../node_modules/expo-modules-core/ios`)
  - ExpoSystemUI (from `../node_modules/expo-system-ui/ios`)
  - FBLazyVector (from `../node_modules/react-native/Libraries/FBLazyVector`)
  - FBReactNativeSpec (from `../node_modules/react-native/React/FBReactNativeSpec`)
  - glog (from `../node_modules/react-native/third-party-podspecs/glog.podspec`)
  - hermes-engine (~> 0.11.0)
  - libevent (~> 2.1.12)
  - RCT-Folly (from `../node_modules/react-native/third-party-podspecs/RCT-Folly.podspec`)
  - RCTRequired (from `../node_modules/react-native/Libraries/RCTRequired`)
  - RCTTypeSafety (from `../node_modules/react-native/Libraries/TypeSafety`)
  - React (from `../node_modules/react-native/`)
  - React-callinvoker (from `../node_modules/react-native/ReactCommon/callinvoker`)
  - React-Codegen (from `build/generated/ios`)
  - React-Core (from `../node_modules/react-native/`)
  - React-Core/DevSupport (from `../node_modules/react-native/`)
  - React-Core/RCTWebSocket (from `../node_modules/react-native/`)
  - React-CoreModules (from `../node_modules/react-native/React/CoreModules`)
  - React-cxxreact (from `../node_modules/react-native/ReactCommon/cxxreact`)
  - React-hermes (from `../node_modules/react-native/ReactCommon/hermes`)
  - React-jsi (from `../node_modules/react-native/ReactCommon/jsi`)
  - React-jsiexecutor (from `../node_modules/react-native/ReactCommon/jsiexecutor`)
  - React-jsinspector (from `../node_modules/react-native/ReactCommon/jsinspector`)
  - React-logger (from `../node_modules/react-native/ReactCommon/logger`)
  - react-native-get-random-values (from `../node_modules/react-native-get-random-values`)
  - react-native-ios-context-menu (from `../node_modules/react-native-ios-context-menu`)
  - react-native-safe-area-context (from `../node_modules/react-native-safe-area-context`)
  - React-perflogger (from `../node_modules/react-native/ReactCommon/reactperflogger`)
  - React-RCTActionSheet (from `../node_modules/react-native/Libraries/ActionSheetIOS`)
  - React-RCTAnimation (from `../node_modules/react-native/Libraries/NativeAnimation`)
  - React-RCTBlob (from `../node_modules/react-native/Libraries/Blob`)
  - React-RCTImage (from `../node_modules/react-native/Libraries/Image`)
  - React-RCTLinking (from `../node_modules/react-native/Libraries/LinkingIOS`)
  - React-RCTNetwork (from `../node_modules/react-native/Libraries/Network`)
  - React-RCTSettings (from `../node_modules/react-native/Libraries/Settings`)
  - React-RCTText (from `../node_modules/react-native/Libraries/Text`)
  - React-RCTVibration (from `../node_modules/react-native/Libraries/Vibration`)
  - React-runtimeexecutor (from `../node_modules/react-native/ReactCommon/runtimeexecutor`)
  - ReactCommon/turbomodule/core (from `../node_modules/react-native/ReactCommon`)
  - RealmJS (from `../node_modules/realm`)
  - RNBootSplash (from `../node_modules/react-native-bootsplash`)
  - "RNCAsyncStorage (from `../node_modules/@react-native-async-storage/async-storage`)"
  - "RNFBAnalytics (from `../node_modules/@react-native-firebase/analytics`)"
  - "RNFBApp (from `../node_modules/@react-native-firebase/app`)"
  - "RNFBAuth (from `../node_modules/@react-native-firebase/auth`)"
  - "RNFBCrashlytics (from `../node_modules/@react-native-firebase/crashlytics`)"
  - "RNFBStorage (from `../node_modules/@react-native-firebase/storage`)"
  - RNGestureHandler (from `../node_modules/react-native-gesture-handler`)
  - RNInAppBrowser (from `../node_modules/react-native-inappbrowser-reborn`)
  - RNLocalize (from `../node_modules/react-native-localize`)
  - RNReanimated (from `../node_modules/react-native-reanimated`)
  - RNScreens (from `../node_modules/react-native-screens`)
  - RNSVG (from `../node_modules/react-native-svg`)
  - SDWebImage
  - Yoga (from `../node_modules/react-native/ReactCommon/yoga`)

SPEC REPOS:
  trunk:
    - Firebase
    - FirebaseAnalytics
    - FirebaseAuth
    - FirebaseCore
    - FirebaseCoreDiagnostics
    - FirebaseCrashlytics
    - FirebaseInstallations
    - FirebaseStorage
    - fmt
    - GoogleAppMeasurement
    - GoogleDataTransport
    - GoogleUtilities
    - GTMSessionFetcher
    - hermes-engine
    - libevent
    - nanopb
    - PromisesObjC
    - SDWebImage

EXTERNAL SOURCES:
  boost:
    :podspec: "../node_modules/react-native/third-party-podspecs/boost.podspec"
  DoubleConversion:
    :podspec: "../node_modules/react-native/third-party-podspecs/DoubleConversion.podspec"
  EXApplication:
    :path: "../node_modules/expo-application/ios"
  EXBlur:
    :path: "../node_modules/expo-blur/ios"
  EXClipboard:
    :path: "../node_modules/expo-clipboard/ios"
  EXConstants:
    :path: "../node_modules/expo-constants/ios"
  EXErrorRecovery:
    :path: "../node_modules/expo-error-recovery/ios"
  EXMediaLibrary:
    :path: "../node_modules/expo-media-library/ios"
  Expo:
    :path: "../node_modules/expo/ios"
  ExpoLinearGradient:
    :path: "../node_modules/expo-linear-gradient/ios"
  ExpoModulesCore:
    :path: "../node_modules/expo-modules-core/ios"
  ExpoSystemUI:
    :path: "../node_modules/expo-system-ui/ios"
  FBLazyVector:
    :path: "../node_modules/react-native/Libraries/FBLazyVector"
  FBReactNativeSpec:
    :path: "../node_modules/react-native/React/FBReactNativeSpec"
  glog:
    :podspec: "../node_modules/react-native/third-party-podspecs/glog.podspec"
  RCT-Folly:
    :podspec: "../node_modules/react-native/third-party-podspecs/RCT-Folly.podspec"
  RCTRequired:
    :path: "../node_modules/react-native/Libraries/RCTRequired"
  RCTTypeSafety:
    :path: "../node_modules/react-native/Libraries/TypeSafety"
  React:
    :path: "../node_modules/react-native/"
  React-callinvoker:
    :path: "../node_modules/react-native/ReactCommon/callinvoker"
  React-Codegen:
    :path: build/generated/ios
  React-Core:
    :path: "../node_modules/react-native/"
  React-CoreModules:
    :path: "../node_modules/react-native/React/CoreModules"
  React-cxxreact:
    :path: "../node_modules/react-native/ReactCommon/cxxreact"
  React-hermes:
    :path: "../node_modules/react-native/ReactCommon/hermes"
  React-jsi:
    :path: "../node_modules/react-native/ReactCommon/jsi"
  React-jsiexecutor:
    :path: "../node_modules/react-native/ReactCommon/jsiexecutor"
  React-jsinspector:
    :path: "../node_modules/react-native/ReactCommon/jsinspector"
  React-logger:
    :path: "../node_modules/react-native/ReactCommon/logger"
  react-native-get-random-values:
    :path: "../node_modules/react-native-get-random-values"
  react-native-ios-context-menu:
    :path: "../node_modules/react-native-ios-context-menu"
  react-native-safe-area-context:
    :path: "../node_modules/react-native-safe-area-context"
  React-perflogger:
    :path: "../node_modules/react-native/ReactCommon/reactperflogger"
  React-RCTActionSheet:
    :path: "../node_modules/react-native/Libraries/ActionSheetIOS"
  React-RCTAnimation:
    :path: "../node_modules/react-native/Libraries/NativeAnimation"
  React-RCTBlob:
    :path: "../node_modules/react-native/Libraries/Blob"
  React-RCTImage:
    :path: "../node_modules/react-native/Libraries/Image"
  React-RCTLinking:
    :path: "../node_modules/react-native/Libraries/LinkingIOS"
  React-RCTNetwork:
    :path: "../node_modules/react-native/Libraries/Network"
  React-RCTSettings:
    :path: "../node_modules/react-native/Libraries/Settings"
  React-RCTText:
    :path: "../node_modules/react-native/Libraries/Text"
  React-RCTVibration:
    :path: "../node_modules/react-native/Libraries/Vibration"
  React-runtimeexecutor:
    :path: "../node_modules/react-native/ReactCommon/runtimeexecutor"
  ReactCommon:
    :path: "../node_modules/react-native/ReactCommon"
  RealmJS:
    :path: "../node_modules/realm"
  RNBootSplash:
    :path: "../node_modules/react-native-bootsplash"
  RNCAsyncStorage:
    :path: "../node_modules/@react-native-async-storage/async-storage"
  RNFBAnalytics:
    :path: "../node_modules/@react-native-firebase/analytics"
  RNFBApp:
    :path: "../node_modules/@react-native-firebase/app"
  RNFBAuth:
    :path: "../node_modules/@react-native-firebase/auth"
  RNFBCrashlytics:
    :path: "../node_modules/@react-native-firebase/crashlytics"
  RNFBStorage:
    :path: "../node_modules/@react-native-firebase/storage"
  RNGestureHandler:
    :path: "../node_modules/react-native-gesture-handler"
  RNInAppBrowser:
    :path: "../node_modules/react-native-inappbrowser-reborn"
  RNLocalize:
    :path: "../node_modules/react-native-localize"
  RNReanimated:
    :path: "../node_modules/react-native-reanimated"
  RNScreens:
    :path: "../node_modules/react-native-screens"
  RNSVG:
    :path: "../node_modules/react-native-svg"
  Yoga:
    :path: "../node_modules/react-native/ReactCommon/yoga"

SPEC CHECKSUMS:
  boost: a7c83b31436843459a1961bfd74b96033dc77234
  DoubleConversion: 831926d9b8bf8166fd87886c4abab286c2422662
  EXApplication: 54fe5bd6268d697771645e8f1aef8b806a65247a
  EXBlur: 82055865de17cf2cf797ff064c50fb59fcbe703f
  EXClipboard: 8123fcda680538bb0e1f4e6511106553e52d3760
  EXConstants: 88bf79622fbd9b476c96d8ec57fe97ca44fe8e3c
  EXErrorRecovery: b0d7582714a2cc896e94a2308a356f94dbf14ef7
  EXMediaLibrary: 843669e1d9d38965057830138609ee99ef260cf1
  Expo: 534e51e607aba8229293297da5585f4b26f50fa1
  ExpoLinearGradient: fd591c223c81f6779036ed4cef4deb20ecb87c50
  ExpoModulesCore: 32c0ccb47f477d330ee93db72505380adf0de09a
  ExpoSystemUI: 182c672dd49bd2345023c2042257f68c075527cd
  FBLazyVector: 35890092b16f416ee4a5c18d9a96a0d349d2f3f0
  FBReactNativeSpec: 1417a752d13a9bd979b859ac2f9bb9626ccc8281
  Firebase: 7e8fe528c161b9271d365217a74c16aaf834578e
  FirebaseAnalytics: 2fc3876e2eb347673ad2f35e249ae7b15d6c88f5
  FirebaseAuth: c5fde343630090253d3af7e2d35697b414b40202
  FirebaseCore: b84a44ee7ba999e0f9f76d198a9c7f60a797b848
  FirebaseCoreDiagnostics: fd0c8490f34287229c1d6c103d3a55f81ec85712
  FirebaseCrashlytics: 079ef36f5c4b7161188928faec40fa276ebefd84
  FirebaseInstallations: 7d1d967a307c12f1aadd76844fc321cef699b1ce
  FirebaseStorage: 32ab036ce11eb7e94c279a238a65efa24f81593d
  fmt: ff9d55029c625d3757ed641535fd4a75fedc7ce9
  glog: 476ee3e89abb49e07f822b48323c51c57124b572
  GoogleAppMeasurement: 71156240babd3cc6ced03e0d54816f01a880c730
  GoogleDataTransport: 629c20a4d363167143f30ea78320d5a7eb8bd940
  GoogleUtilities: e0913149f6b0625b553d70dae12b49fc62914fd1
  GTMSessionFetcher: 4577a4cc914a5a07c40a8a0ad0acc22080418c2d
  hermes-engine: 84e3af1ea01dd7351ac5d8689cbbea1f9903ffc3
  libevent: 4049cae6c81cdb3654a443be001fb9bdceff7913
  nanopb: a0ba3315591a9ae0a16a309ee504766e90db0c96
  PromisesObjC: 68159ce6952d93e17b2dfe273b8c40907db5ba58
  RCT-Folly: 4d8508a426467c48885f1151029bc15fa5d7b3b8
  RCTRequired: 2d21e343f3fc0dc2cc6df3ae69c57dfca146758c
  RCTTypeSafety: e8859a69bce17b066aa4e11f53a437225673fc00
  React: 2d6d830eec4068105191478bd187bc3c67b23ce6
  React-callinvoker: e26cf2e8bae826da34aac47e612a4184a95f6086
  React-Codegen: e484df2ad468d6161abcf4c89b8d792143531083
  React-Core: f492ea0bdd04e0cae1d5480833a3334a8c170f59
  React-CoreModules: dba5f8174937019e0f667aad02f76c31a7fa7a46
  React-cxxreact: c0913b64b3e72deaf9b5019dca22b2ff30ae9ad7
  React-hermes: c456f3b06f3ce5bba55f8b41702cf26001fc3aa9
  React-jsi: 5683acb777c56dc2d620f9e8681ff956a1e13c6f
  React-jsiexecutor: 91bd9bf3c82bd5051edd304c4f12cb7fe387d946
  React-jsinspector: 47667a2c2a852401c2fcf10bf844ca1b037f2a9a
  React-logger: 41e39aedb252bd5769c22885131148299af3afab
  react-native-get-random-values: 30b3f74ca34e30e2e480de48e4add2706a40ac8f
  react-native-ios-context-menu: 7bf49ec6006cc0c61d873419557b85eb1b9629fb
  react-native-safe-area-context: da2d11bd7df9bf7779e9bdc85081c141cfa544f4
  React-perflogger: 5c310dc911dd734b669dc11f223b612c8e017501
  React-RCTActionSheet: 50ab08231f832c6bdb9ffeb0f40206541c4cd0c3
  React-RCTAnimation: 2b5ac1445e40b1d9ad34e0b0fbf7dbbc69b2fe29
  React-RCTBlob: 1f072bfbccf02af49e9fb7790472634947c8f00b
  React-RCTImage: d7cf9e68b18616e3938d73d73b065d0af2db2e2c
  React-RCTLinking: f6e411d9d8b691255a74cd246320064753e9002d
  React-RCTNetwork: 7637fdbc9266983a5d4251136b38d96500843a50
  React-RCTSettings: dd0cec79d3a0d0bf4abaa64cd0a8ee476f62865e
  React-RCTText: 535e2e2ed573678f4bdc7a3432d563f5b30ba3ab
  React-RCTVibration: a96e2231eca68a7636cb27aee5735ea4be22250b
  React-runtimeexecutor: 945d83ec4223bc14b217ae1a660c8324a16924d8
  ReactCommon: f05b7b2a71e54163e2c82a2b6b59490784caa8b1
  RealmJS: 8ac5e506db083da32923a5e38c86e69c6b9f195d
  RNBootSplash: 4f34ccf1a0c2573cb4ba918ab7f69d51d610827f
  RNCAsyncStorage: 4efdcd2f7378421b29467c9de58f43552b60cf5b
  RNFBAnalytics: 776634be8c549e920df68c67907506805efcb6ae
  RNFBApp: 097a31d372b3db15b41c7a1a5c429433b0609e12
  RNFBAuth: 85b7ad91e3783dfde011702b2b747b1fd7be7234
  RNFBCrashlytics: 4ec9aae1a1dbb6572d095417392483bec82b07bb
  RNFBStorage: c5e7b02c06014908fa70261836a05fa0ef476d45
  RNGestureHandler: 6e757e487a4834e7280e98e9bac66d2d9c575e9c
  RNInAppBrowser: 3ff3a3b8f458aaf25aaee879d057352862edf357
  RNLocalize: 6571ea792a7dcb6d217c98c14d9147e9417cef62
  RNReanimated: 61f7efddd08550ffa5dee90021a157cd6e7c82fb
  RNScreens: 40a2cb40a02a609938137a1e0acfbf8fc9eebf19
  RNSVG: 302bfc9905bd8122f08966dc2ce2d07b7b52b9f8
  SDWebImage: 0905f1b7760fc8ac4198cae0036600d67478751e
  Yoga: ac34625b5ea9d8204a2f85cf6bdbcf003a321ae0

PODFILE CHECKSUM: f22d74defcf4a2aa52023489e3aa1b35fde5b113

COCOAPODS: 1.11.3
